<?xml version="1.0" encoding="utf-8"?>
<Project ToolsVersion="4.0" xmlns="http://schemas.microsoft.com/developer/msbuild/2003">
  <ItemGroup>
    <Filter Include="Header files">
      <UniqueIdentifier>{76170398-ebce-40f3-864f-26566ff94ee8}</UniqueIdentifier>
    </Filter>
    <Filter Include="Source files">
      <UniqueIdentifier>{4d80066b-4aa3-4601-bd29-e97f49101f59}</UniqueIdentifier>
    </Filter>
  </ItemGroup>
  <ItemGroup>
    <ClCompile Include="main.cpp">
      <Filter>Source files</Filter>
    </ClCompile>
    <ClCompile Include="PCAFaceMatcher.cpp">
      <Filter>Source files</Filter>
    </ClCompile>
    <ClCompile Include="matrixOperations.cpp">
      <Filter>Source files</Filter>
    </ClCompile>
  </ItemGroup>
  <ItemGroup>
    <ClInclude Include="FaceImage.h">
      <Filter>Header files</Filter>
    </ClInclude>
    <ClInclude Include="PCAFaceMatcher.h">
      <Filter>Header files</Filter>
    </ClInclude>
    <ClInclude Include="matrixOperations.h">
      <Filter>Header files</Filter>
    </ClInclude>
  </ItemGroup>
</Project>